// !$*UTF8*$!
{
	archiveVersion = 1;
	classes = {
	};
	objectVersion = 46;
	objects = {

/* Begin PBXBuildFile section */
		1E951F93F4E9164F90BC6ECD /* libPods.a in Frameworks */ = {isa = PBXBuildFile; fileRef = E4B0CF831A246EAD075820F2 /* libPods.a */; };
		FA20F7701B586B3F00E942F1 /* CircleSpinnerView.m in Sources */ = {isa = PBXBuildFile; fileRef = FA20F76F1B586B3F00E942F1 /* CircleSpinnerView.m */; };
		FA20F7731B591FEF00E942F1 /* LikeButton.m in Sources */ = {isa = PBXBuildFile; fileRef = FA20F7721B591FEF00E942F1 /* LikeButton.m */; };
		FA20F7761B596E5200E942F1 /* ComposeCommentView.m in Sources */ = {isa = PBXBuildFile; fileRef = FA20F7751B596E5200E942F1 /* ComposeCommentView.m */; };
		FA20F7791B59ADA900E942F1 /* CameraToolbar.m in Sources */ = {isa = PBXBuildFile; fileRef = FA20F7781B59ADA900E942F1 /* CameraToolbar.m */; };
		FA20F77C1B59B03200E942F1 /* CameraViewController.m in Sources */ = {isa = PBXBuildFile; fileRef = FA20F77B1B59B03200E942F1 /* CameraViewController.m */; };
		FA20F77F1B5AB01E00E942F1 /* UIImage+ImageUtilities.m in Sources */ = {isa = PBXBuildFile; fileRef = FA20F77E1B5AB01E00E942F1 /* UIImage+ImageUtilities.m */; };
		FA20F7821B5D6C9700E942F1 /* CropBox.m in Sources */ = {isa = PBXBuildFile; fileRef = FA20F7811B5D6C9700E942F1 /* CropBox.m */; };
		FA20F7851B5D708700E942F1 /* CropImageViewController.m in Sources */ = {isa = PBXBuildFile; fileRef = FA20F7841B5D708700E942F1 /* CropImageViewController.m */; };
		FA20F7881B5D765100E942F1 /* ImageLibraryViewController.m in Sources */ = {isa = PBXBuildFile; fileRef = FA20F7871B5D765100E942F1 /* ImageLibraryViewController.m */; };
		FA20F78B1B5DBF3800E942F1 /* PostToInstagramViewController.m in Sources */ = {isa = PBXBuildFile; fileRef = FA20F78A1B5DBF3800E942F1 /* PostToInstagramViewController.m */; };
		FA855C561B4EAC5900A3167E /* main.m in Sources */ = {isa = PBXBuildFile; fileRef = FA855C551B4EAC5900A3167E /* main.m */; };
		FA855C591B4EAC5900A3167E /* AppDelegate.m in Sources */ = {isa = PBXBuildFile; fileRef = FA855C581B4EAC5900A3167E /* AppDelegate.m */; };
		FA855C611B4EAC5900A3167E /* Images.xcassets in Resources */ = {isa = PBXBuildFile; fileRef = FA855C601B4EAC5900A3167E /* Images.xcassets */; };
		FA855C641B4EAC5900A3167E /* LaunchScreen.xib in Resources */ = {isa = PBXBuildFile; fileRef = FA855C621B4EAC5900A3167E /* LaunchScreen.xib */; };
		FA855C701B4EAC5900A3167E /* BlocstagramTests.m in Sources */ = {isa = PBXBuildFile; fileRef = FA855C6F1B4EAC5900A3167E /* BlocstagramTests.m */; };
		FA855C901B4EB69300A3167E /* ImagesTableViewController.m in Sources */ = {isa = PBXBuildFile; fileRef = FA855C8F1B4EB69300A3167E /* ImagesTableViewController.m */; };
		FA855C931B4ECDA500A3167E /* User.m in Sources */ = {isa = PBXBuildFile; fileRef = FA855C921B4ECDA500A3167E /* User.m */; };
		FA855C961B4ECE8C00A3167E /* Media.m in Sources */ = {isa = PBXBuildFile; fileRef = FA855C951B4ECE8C00A3167E /* Media.m */; };
		FA855C991B4ECF6100A3167E /* Comment.m in Sources */ = {isa = PBXBuildFile; fileRef = FA855C981B4ECF6100A3167E /* Comment.m */; };
		FA855C9C1B4ED07900A3167E /* DataSource.m in Sources */ = {isa = PBXBuildFile; fileRef = FA855C9B1B4ED07900A3167E /* DataSource.m */; };
		FA855C9F1B4EFC2C00A3167E /* MediaTableViewCell.m in Sources */ = {isa = PBXBuildFile; fileRef = FA855C9E1B4EFC2C00A3167E /* MediaTableViewCell.m */; };
		FA938DD51B572D31004CCD73 /* MediaFullScreenViewController.m in Sources */ = {isa = PBXBuildFile; fileRef = FA938DD41B572D31004CCD73 /* MediaFullScreenViewController.m */; };
		FAE741C41B541AAD003D91BC /* LoginViewController.m in Sources */ = {isa = PBXBuildFile; fileRef = FAE741C31B541AAD003D91BC /* LoginViewController.m */; };
/* End PBXBuildFile section */

/* Begin PBXContainerItemProxy section */
		FA855C6A1B4EAC5900A3167E /* PBXContainerItemProxy */ = {
			isa = PBXContainerItemProxy;
			containerPortal = FA855C481B4EAC5900A3167E /* Project object */;
			proxyType = 1;
			remoteGlobalIDString = FA855C4F1B4EAC5900A3167E;
			remoteInfo = Blocstagram;
		};
/* End PBXContainerItemProxy section */

/* Begin PBXFileReference section */
		233BBAB6CF38DC03220040E1 /* Pods.release.xcconfig */ = {isa = PBXFileReference; includeInIndex = 1; lastKnownFileType = text.xcconfig; name = Pods.release.xcconfig; path = "Pods/Target Support Files/Pods/Pods.release.xcconfig"; sourceTree = "<group>"; };
		BBD970501D3AB9E2DD49AB82 /* Pods.debug.xcconfig */ = {isa = PBXFileReference; includeInIndex = 1; lastKnownFileType = text.xcconfig; name = Pods.debug.xcconfig; path = "Pods/Target Support Files/Pods/Pods.debug.xcconfig"; sourceTree = "<group>"; };
		E4B0CF831A246EAD075820F2 /* libPods.a */ = {isa = PBXFileReference; explicitFileType = archive.ar; includeInIndex = 0; path = libPods.a; sourceTree = BUILT_PRODUCTS_DIR; };
		FA20F76E1B586B3F00E942F1 /* CircleSpinnerView.h */ = {isa = PBXFileReference; fileEncoding = 4; lastKnownFileType = sourcecode.c.h; path = CircleSpinnerView.h; sourceTree = "<group>"; };
		FA20F76F1B586B3F00E942F1 /* CircleSpinnerView.m */ = {isa = PBXFileReference; fileEncoding = 4; lastKnownFileType = sourcecode.c.objc; path = CircleSpinnerView.m; sourceTree = "<group>"; };
		FA20F7711B591FEF00E942F1 /* LikeButton.h */ = {isa = PBXFileReference; fileEncoding = 4; lastKnownFileType = sourcecode.c.h; path = LikeButton.h; sourceTree = "<group>"; };
		FA20F7721B591FEF00E942F1 /* LikeButton.m */ = {isa = PBXFileReference; fileEncoding = 4; lastKnownFileType = sourcecode.c.objc; path = LikeButton.m; sourceTree = "<group>"; };
		FA20F7741B596E5200E942F1 /* ComposeCommentView.h */ = {isa = PBXFileReference; fileEncoding = 4; lastKnownFileType = sourcecode.c.h; path = ComposeCommentView.h; sourceTree = "<group>"; };
		FA20F7751B596E5200E942F1 /* ComposeCommentView.m */ = {isa = PBXFileReference; fileEncoding = 4; lastKnownFileType = sourcecode.c.objc; path = ComposeCommentView.m; sourceTree = "<group>"; };
		FA20F7771B59ADA900E942F1 /* CameraToolbar.h */ = {isa = PBXFileReference; fileEncoding = 4; lastKnownFileType = sourcecode.c.h; path = CameraToolbar.h; sourceTree = "<group>"; };
		FA20F7781B59ADA900E942F1 /* CameraToolbar.m */ = {isa = PBXFileReference; fileEncoding = 4; lastKnownFileType = sourcecode.c.objc; path = CameraToolbar.m; sourceTree = "<group>"; };
		FA20F77A1B59B03200E942F1 /* CameraViewController.h */ = {isa = PBXFileReference; fileEncoding = 4; lastKnownFileType = sourcecode.c.h; path = CameraViewController.h; sourceTree = "<group>"; };
		FA20F77B1B59B03200E942F1 /* CameraViewController.m */ = {isa = PBXFileReference; fileEncoding = 4; lastKnownFileType = sourcecode.c.objc; path = CameraViewController.m; sourceTree = "<group>"; };
		FA20F77D1B5AB01E00E942F1 /* UIImage+ImageUtilities.h */ = {isa = PBXFileReference; fileEncoding = 4; lastKnownFileType = sourcecode.c.h; path = "UIImage+ImageUtilities.h"; sourceTree = "<group>"; };
		FA20F77E1B5AB01E00E942F1 /* UIImage+ImageUtilities.m */ = {isa = PBXFileReference; fileEncoding = 4; lastKnownFileType = sourcecode.c.objc; path = "UIImage+ImageUtilities.m"; sourceTree = "<group>"; };
		FA20F7801B5D6C9700E942F1 /* CropBox.h */ = {isa = PBXFileReference; fileEncoding = 4; lastKnownFileType = sourcecode.c.h; path = CropBox.h; sourceTree = "<group>"; };
		FA20F7811B5D6C9700E942F1 /* CropBox.m */ = {isa = PBXFileReference; fileEncoding = 4; lastKnownFileType = sourcecode.c.objc; path = CropBox.m; sourceTree = "<group>"; };
		FA20F7831B5D708700E942F1 /* CropImageViewController.h */ = {isa = PBXFileReference; fileEncoding = 4; lastKnownFileType = sourcecode.c.h; path = CropImageViewController.h; sourceTree = "<group>"; };
		FA20F7841B5D708700E942F1 /* CropImageViewController.m */ = {isa = PBXFileReference; fileEncoding = 4; lastKnownFileType = sourcecode.c.objc; path = CropImageViewController.m; sourceTree = "<group>"; };
		FA20F7861B5D765100E942F1 /* ImageLibraryViewController.h */ = {isa = PBXFileReference; fileEncoding = 4; lastKnownFileType = sourcecode.c.h; path = ImageLibraryViewController.h; sourceTree = "<group>"; };
		FA20F7871B5D765100E942F1 /* ImageLibraryViewController.m */ = {isa = PBXFileReference; fileEncoding = 4; lastKnownFileType = sourcecode.c.objc; path = ImageLibraryViewController.m; sourceTree = "<group>"; };
		FA20F7891B5DBF3800E942F1 /* PostToInstagramViewController.h */ = {isa = PBXFileReference; fileEncoding = 4; lastKnownFileType = sourcecode.c.h; path = PostToInstagramViewController.h; sourceTree = "<group>"; };
		FA20F78A1B5DBF3800E942F1 /* PostToInstagramViewController.m */ = {isa = PBXFileReference; fileEncoding = 4; lastKnownFileType = sourcecode.c.objc; path = PostToInstagramViewController.m; sourceTree = "<group>"; };
		FA855C501B4EAC5900A3167E /* Blocstagram.app */ = {isa = PBXFileReference; explicitFileType = wrapper.application; includeInIndex = 0; path = Blocstagram.app; sourceTree = BUILT_PRODUCTS_DIR; };
		FA855C541B4EAC5900A3167E /* Info.plist */ = {isa = PBXFileReference; lastKnownFileType = text.plist.xml; path = Info.plist; sourceTree = "<group>"; };
		FA855C551B4EAC5900A3167E /* main.m */ = {isa = PBXFileReference; lastKnownFileType = sourcecode.c.objc; path = main.m; sourceTree = "<group>"; };
		FA855C571B4EAC5900A3167E /* AppDelegate.h */ = {isa = PBXFileReference; lastKnownFileType = sourcecode.c.h; path = AppDelegate.h; sourceTree = "<group>"; };
		FA855C581B4EAC5900A3167E /* AppDelegate.m */ = {isa = PBXFileReference; lastKnownFileType = sourcecode.c.objc; path = AppDelegate.m; sourceTree = "<group>"; };
		FA855C601B4EAC5900A3167E /* Images.xcassets */ = {isa = PBXFileReference; lastKnownFileType = folder.assetcatalog; path = Images.xcassets; sourceTree = "<group>"; };
		FA855C631B4EAC5900A3167E /* Base */ = {isa = PBXFileReference; lastKnownFileType = file.xib; name = Base; path = Base.lproj/LaunchScreen.xib; sourceTree = "<group>"; };
		FA855C691B4EAC5900A3167E /* BlocstagramTests.xctest */ = {isa = PBXFileReference; explicitFileType = wrapper.cfbundle; includeInIndex = 0; path = BlocstagramTests.xctest; sourceTree = BUILT_PRODUCTS_DIR; };
		FA855C6E1B4EAC5900A3167E /* Info.plist */ = {isa = PBXFileReference; lastKnownFileType = text.plist.xml; path = Info.plist; sourceTree = "<group>"; };
		FA855C6F1B4EAC5900A3167E /* BlocstagramTests.m */ = {isa = PBXFileReference; lastKnownFileType = sourcecode.c.objc; path = BlocstagramTests.m; sourceTree = "<group>"; };
		FA855C8E1B4EB69300A3167E /* ImagesTableViewController.h */ = {isa = PBXFileReference; fileEncoding = 4; lastKnownFileType = sourcecode.c.h; path = ImagesTableViewController.h; sourceTree = "<group>"; };
		FA855C8F1B4EB69300A3167E /* ImagesTableViewController.m */ = {isa = PBXFileReference; fileEncoding = 4; lastKnownFileType = sourcecode.c.objc; path = ImagesTableViewController.m; sourceTree = "<group>"; };
		FA855C911B4ECDA500A3167E /* User.h */ = {isa = PBXFileReference; fileEncoding = 4; lastKnownFileType = sourcecode.c.h; path = User.h; sourceTree = "<group>"; };
		FA855C921B4ECDA500A3167E /* User.m */ = {isa = PBXFileReference; fileEncoding = 4; lastKnownFileType = sourcecode.c.objc; path = User.m; sourceTree = "<group>"; };
		FA855C941B4ECE8C00A3167E /* Media.h */ = {isa = PBXFileReference; fileEncoding = 4; lastKnownFileType = sourcecode.c.h; path = Media.h; sourceTree = "<group>"; };
		FA855C951B4ECE8C00A3167E /* Media.m */ = {isa = PBXFileReference; fileEncoding = 4; lastKnownFileType = sourcecode.c.objc; path = Media.m; sourceTree = "<group>"; };
		FA855C971B4ECF6100A3167E /* Comment.h */ = {isa = PBXFileReference; fileEncoding = 4; lastKnownFileType = sourcecode.c.h; path = Comment.h; sourceTree = "<group>"; };
		FA855C981B4ECF6100A3167E /* Comment.m */ = {isa = PBXFileReference; fileEncoding = 4; lastKnownFileType = sourcecode.c.objc; path = Comment.m; sourceTree = "<group>"; };
		FA855C9A1B4ED07900A3167E /* DataSource.h */ = {isa = PBXFileReference; fileEncoding = 4; lastKnownFileType = sourcecode.c.h; path = DataSource.h; sourceTree = "<group>"; };
		FA855C9B1B4ED07900A3167E /* DataSource.m */ = {isa = PBXFileReference; fileEncoding = 4; lastKnownFileType = sourcecode.c.objc; path = DataSource.m; sourceTree = "<group>"; };
		FA855C9D1B4EFC2C00A3167E /* MediaTableViewCell.h */ = {isa = PBXFileReference; fileEncoding = 4; lastKnownFileType = sourcecode.c.h; path = MediaTableViewCell.h; sourceTree = "<group>"; };
		FA855C9E1B4EFC2C00A3167E /* MediaTableViewCell.m */ = {isa = PBXFileReference; fileEncoding = 4; lastKnownFileType = sourcecode.c.objc; path = MediaTableViewCell.m; sourceTree = "<group>"; };
		FA938DD31B572D31004CCD73 /* MediaFullScreenViewController.h */ = {isa = PBXFileReference; fileEncoding = 4; lastKnownFileType = sourcecode.c.h; path = MediaFullScreenViewController.h; sourceTree = "<group>"; };
		FA938DD41B572D31004CCD73 /* MediaFullScreenViewController.m */ = {isa = PBXFileReference; fileEncoding = 4; lastKnownFileType = sourcecode.c.objc; path = MediaFullScreenViewController.m; sourceTree = "<group>"; };
		FAE741C21B541AAD003D91BC /* LoginViewController.h */ = {isa = PBXFileReference; fileEncoding = 4; lastKnownFileType = sourcecode.c.h; path = LoginViewController.h; sourceTree = "<group>"; };
		FAE741C31B541AAD003D91BC /* LoginViewController.m */ = {isa = PBXFileReference; fileEncoding = 4; lastKnownFileType = sourcecode.c.objc; path = LoginViewController.m; sourceTree = "<group>"; };
/* End PBXFileReference section */

/* Begin PBXFrameworksBuildPhase section */
		FA855C4D1B4EAC5900A3167E /* Frameworks */ = {
			isa = PBXFrameworksBuildPhase;
			buildActionMask = 2147483647;
			files = (
				1E951F93F4E9164F90BC6ECD /* libPods.a in Frameworks */,
			);
			runOnlyForDeploymentPostprocessing = 0;
		};
		FA855C661B4EAC5900A3167E /* Frameworks */ = {
			isa = PBXFrameworksBuildPhase;
			buildActionMask = 2147483647;
			files = (
			);
			runOnlyForDeploymentPostprocessing = 0;
		};
/* End PBXFrameworksBuildPhase section */

/* Begin PBXGroup section */
		2FD9635F1D9CB10847CBCAAE /* Frameworks */ = {
			isa = PBXGroup;
			children = (
				E4B0CF831A246EAD075820F2 /* libPods.a */,
			);
			name = Frameworks;
			sourceTree = "<group>";
		};
		63C954C779E2C10CC395BC9D /* Pods */ = {
			isa = PBXGroup;
			children = (
				BBD970501D3AB9E2DD49AB82 /* Pods.debug.xcconfig */,
				233BBAB6CF38DC03220040E1 /* Pods.release.xcconfig */,
			);
			name = Pods;
			sourceTree = "<group>";
		};
		FA20F78C1B5E69A300E942F1 /* Data */ = {
			isa = PBXGroup;
			children = (
				FA855C911B4ECDA500A3167E /* User.h */,
				FA855C921B4ECDA500A3167E /* User.m */,
				FA855C941B4ECE8C00A3167E /* Media.h */,
				FA855C951B4ECE8C00A3167E /* Media.m */,
				FA855C971B4ECF6100A3167E /* Comment.h */,
				FA855C981B4ECF6100A3167E /* Comment.m */,
				FA855C9A1B4ED07900A3167E /* DataSource.h */,
				FA855C9B1B4ED07900A3167E /* DataSource.m */,
			);
			name = Data;
			sourceTree = "<group>";
		};
		FA855C471B4EAC5900A3167E = {
			isa = PBXGroup;
			children = (
				FA855C521B4EAC5900A3167E /* Blocstagram */,
				FA855C6C1B4EAC5900A3167E /* BlocstagramTests */,
				FA855C511B4EAC5900A3167E /* Products */,
				63C954C779E2C10CC395BC9D /* Pods */,
				2FD9635F1D9CB10847CBCAAE /* Frameworks */,
			);
			sourceTree = "<group>";
		};
		FA855C511B4EAC5900A3167E /* Products */ = {
			isa = PBXGroup;
			children = (
				FA855C501B4EAC5900A3167E /* Blocstagram.app */,
				FA855C691B4EAC5900A3167E /* BlocstagramTests.xctest */,
			);
			name = Products;
			sourceTree = "<group>";
		};
		FA855C521B4EAC5900A3167E /* Blocstagram */ = {
			isa = PBXGroup;
			children = (
				FA855C571B4EAC5900A3167E /* AppDelegate.h */,
				FA855C581B4EAC5900A3167E /* AppDelegate.m */,
				FAE741C21B541AAD003D91BC /* LoginViewController.h */,
				FAE741C31B541AAD003D91BC /* LoginViewController.m */,
				FA855C8E1B4EB69300A3167E /* ImagesTableViewController.h */,
				FA855C8F1B4EB69300A3167E /* ImagesTableViewController.m */,
				FA938DD31B572D31004CCD73 /* MediaFullScreenViewController.h */,
				FA938DD41B572D31004CCD73 /* MediaFullScreenViewController.m */,
				FA20F7831B5D708700E942F1 /* CropImageViewController.h */,
				FA20F7841B5D708700E942F1 /* CropImageViewController.m */,
				FA20F7891B5DBF3800E942F1 /* PostToInstagramViewController.h */,
				FA20F78A1B5DBF3800E942F1 /* PostToInstagramViewController.m */,
				FA20F7861B5D765100E942F1 /* ImageLibraryViewController.h */,
				FA20F7871B5D765100E942F1 /* ImageLibraryViewController.m */,
				FA20F77A1B59B03200E942F1 /* CameraViewController.h */,
				FA20F77B1B59B03200E942F1 /* CameraViewController.m */,
				FA855C601B4EAC5900A3167E /* Images.xcassets */,
				FA20F78C1B5E69A300E942F1 /* Data */,
				FA855C531B4EAC5900A3167E /* Supporting Files */,
			);
			path = Blocstagram;
			sourceTree = "<group>";
		};
		FA855C531B4EAC5900A3167E /* Supporting Files */ = {
			isa = PBXGroup;
			children = (
				FA20F7741B596E5200E942F1 /* ComposeCommentView.h */,
				FA20F7751B596E5200E942F1 /* ComposeCommentView.m */,
				FA855C9D1B4EFC2C00A3167E /* MediaTableViewCell.h */,
				FA855C9E1B4EFC2C00A3167E /* MediaTableViewCell.m */,
				FA20F77D1B5AB01E00E942F1 /* UIImage+ImageUtilities.h */,
				FA20F77E1B5AB01E00E942F1 /* UIImage+ImageUtilities.m */,
				FA20F7801B5D6C9700E942F1 /* CropBox.h */,
				FA20F7811B5D6C9700E942F1 /* CropBox.m */,
				FA20F7771B59ADA900E942F1 /* CameraToolbar.h */,
				FA20F7781B59ADA900E942F1 /* CameraToolbar.m */,
				FA20F76E1B586B3F00E942F1 /* CircleSpinnerView.h */,
				FA20F76F1B586B3F00E942F1 /* CircleSpinnerView.m */,
				FA20F7711B591FEF00E942F1 /* LikeButton.h */,
				FA20F7721B591FEF00E942F1 /* LikeButton.m */,
				FA855C621B4EAC5900A3167E /* LaunchScreen.xib */,
				FA855C541B4EAC5900A3167E /* Info.plist */,
				FA855C551B4EAC5900A3167E /* main.m */,
			);
			name = "Supporting Files";
			sourceTree = "<group>";
		};
		FA855C6C1B4EAC5900A3167E /* BlocstagramTests */ = {
			isa = PBXGroup;
			children = (
				FA855C6F1B4EAC5900A3167E /* BlocstagramTests.m */,
				FA855C6D1B4EAC5900A3167E /* Supporting Files */,
			);
			path = BlocstagramTests;
			sourceTree = "<group>";
		};
		FA855C6D1B4EAC5900A3167E /* Supporting Files */ = {
			isa = PBXGroup;
			children = (
				FA855C6E1B4EAC5900A3167E /* Info.plist */,
			);
			name = "Supporting Files";
			sourceTree = "<group>";
		};
/* End PBXGroup section */

/* Begin PBXNativeTarget section */
		FA855C4F1B4EAC5900A3167E /* Blocstagram */ = {
			isa = PBXNativeTarget;
			buildConfigurationList = FA855C731B4EAC5900A3167E /* Build configuration list for PBXNativeTarget "Blocstagram" */;
			buildPhases = (
				A04579BFCF9BC55DEDA60BB4 /* Check Pods Manifest.lock */,
				FA855C4C1B4EAC5900A3167E /* Sources */,
				FA855C4D1B4EAC5900A3167E /* Frameworks */,
				FA855C4E1B4EAC5900A3167E /* Resources */,
				EE38601579A6C8E001B33AEA /* Copy Pods Resources */,
			);
			buildRules = (
			);
			dependencies = (
			);
			name = Blocstagram;
			productName = Blocstagram;
			productReference = FA855C501B4EAC5900A3167E /* Blocstagram.app */;
			productType = "com.apple.product-type.application";
		};
		FA855C681B4EAC5900A3167E /* BlocstagramTests */ = {
			isa = PBXNativeTarget;
			buildConfigurationList = FA855C761B4EAC5900A3167E /* Build configuration list for PBXNativeTarget "BlocstagramTests" */;
			buildPhases = (
				FA855C651B4EAC5900A3167E /* Sources */,
				FA855C661B4EAC5900A3167E /* Frameworks */,
				FA855C671B4EAC5900A3167E /* Resources */,
			);
			buildRules = (
			);
			dependencies = (
				FA855C6B1B4EAC5900A3167E /* PBXTargetDependency */,
			);
			name = BlocstagramTests;
			productName = BlocstagramTests;
			productReference = FA855C691B4EAC5900A3167E /* BlocstagramTests.xctest */;
			productType = "com.apple.product-type.bundle.unit-test";
		};
/* End PBXNativeTarget section */

/* Begin PBXProject section */
		FA855C481B4EAC5900A3167E /* Project object */ = {
			isa = PBXProject;
			attributes = {
				LastUpgradeCheck = 0640;
				ORGANIZATIONNAME = "Ryan Summe";
				TargetAttributes = {
					FA855C4F1B4EAC5900A3167E = {
						CreatedOnToolsVersion = 6.4;
					};
					FA855C681B4EAC5900A3167E = {
						CreatedOnToolsVersion = 6.4;
						TestTargetID = FA855C4F1B4EAC5900A3167E;
					};
				};
			};
			buildConfigurationList = FA855C4B1B4EAC5900A3167E /* Build configuration list for PBXProject "Blocstagram" */;
			compatibilityVersion = "Xcode 3.2";
			developmentRegion = English;
			hasScannedForEncodings = 0;
			knownRegions = (
				en,
				Base,
			);
			mainGroup = FA855C471B4EAC5900A3167E;
			productRefGroup = FA855C511B4EAC5900A3167E /* Products */;
			projectDirPath = "";
			projectRoot = "";
			targets = (
				FA855C4F1B4EAC5900A3167E /* Blocstagram */,
				FA855C681B4EAC5900A3167E /* BlocstagramTests */,
			);
		};
/* End PBXProject section */

/* Begin PBXResourcesBuildPhase section */
		FA855C4E1B4EAC5900A3167E /* Resources */ = {
			isa = PBXResourcesBuildPhase;
			buildActionMask = 2147483647;
			files = (
				FA855C641B4EAC5900A3167E /* LaunchScreen.xib in Resources */,
				FA855C611B4EAC5900A3167E /* Images.xcassets in Resources */,
			);
			runOnlyForDeploymentPostprocessing = 0;
		};
		FA855C671B4EAC5900A3167E /* Resources */ = {
			isa = PBXResourcesBuildPhase;
			buildActionMask = 2147483647;
			files = (
			);
			runOnlyForDeploymentPostprocessing = 0;
		};
/* End PBXResourcesBuildPhase section */

/* Begin PBXShellScriptBuildPhase section */
		A04579BFCF9BC55DEDA60BB4 /* Check Pods Manifest.lock */ = {
			isa = PBXShellScriptBuildPhase;
			buildActionMask = 2147483647;
			files = (
			);
			inputPaths = (
			);
			name = "Check Pods Manifest.lock";
			outputPaths = (
			);
			runOnlyForDeploymentPostprocessing = 0;
			shellPath = /bin/sh;
			shellScript = "diff \"${PODS_ROOT}/../Podfile.lock\" \"${PODS_ROOT}/Manifest.lock\" > /dev/null\nif [[ $? != 0 ]] ; then\n    cat << EOM\nerror: The sandbox is not in sync with the Podfile.lock. Run 'pod install' or update your CocoaPods installation.\nEOM\n    exit 1\nfi\n";
			showEnvVarsInLog = 0;
		};
		EE38601579A6C8E001B33AEA /* Copy Pods Resources */ = {
			isa = PBXShellScriptBuildPhase;
			buildActionMask = 2147483647;
			files = (
			);
			inputPaths = (
			);
			name = "Copy Pods Resources";
			outputPaths = (
			);
			runOnlyForDeploymentPostprocessing = 0;
			shellPath = /bin/sh;
			shellScript = "\"${SRCROOT}/Pods/Target Support Files/Pods/Pods-resources.sh\"\n";
			showEnvVarsInLog = 0;
		};
/* End PBXShellScriptBuildPhase section */

/* Begin PBXSourcesBuildPhase section */
		FA855C4C1B4EAC5900A3167E /* Sources */ = {
			isa = PBXSourcesBuildPhase;
			buildActionMask = 2147483647;
			files = (
				FA20F77C1B59B03200E942F1 /* CameraViewController.m in Sources */,
				FA938DD51B572D31004CCD73 /* MediaFullScreenViewController.m in Sources */,
				FA20F7701B586B3F00E942F1 /* CircleSpinnerView.m in Sources */,
				FA855C931B4ECDA500A3167E /* User.m in Sources */,
				FA20F7881B5D765100E942F1 /* ImageLibraryViewController.m in Sources */,
				FA20F7821B5D6C9700E942F1 /* CropBox.m in Sources */,
				FA855C991B4ECF6100A3167E /* Comment.m in Sources */,
				FA20F7851B5D708700E942F1 /* CropImageViewController.m in Sources */,
				FA855C9F1B4EFC2C00A3167E /* MediaTableViewCell.m in Sources */,
				FA855C961B4ECE8C00A3167E /* Media.m in Sources */,
				FA20F7791B59ADA900E942F1 /* CameraToolbar.m in Sources */,
				FA855C591B4EAC5900A3167E /* AppDelegate.m in Sources */,
				FA20F78B1B5DBF3800E942F1 /* PostToInstagramViewController.m in Sources */,
				FAE741C41B541AAD003D91BC /* LoginViewController.m in Sources */,
				FA20F7731B591FEF00E942F1 /* LikeButton.m in Sources */,
				FA855C9C1B4ED07900A3167E /* DataSource.m in Sources */,
				FA20F7761B596E5200E942F1 /* ComposeCommentView.m in Sources */,
				FA855C561B4EAC5900A3167E /* main.m in Sources */,
				FA20F77F1B5AB01E00E942F1 /* UIImage+ImageUtilities.m in Sources */,
				FA855C901B4EB69300A3167E /* ImagesTableViewController.m in Sources */,
			);
			runOnlyForDeploymentPostprocessing = 0;
		};
		FA855C651B4EAC5900A3167E /* Sources */ = {
			isa = PBXSourcesBuildPhase;
			buildActionMask = 2147483647;
			files = (
				FA855C701B4EAC5900A3167E /* BlocstagramTests.m in Sources */,
			);
			runOnlyForDeploymentPostprocessing = 0;
		};
/* End PBXSourcesBuildPhase section */

/* Begin PBXTargetDependency section */
		FA855C6B1B4EAC5900A3167E /* PBXTargetDependency */ = {
			isa = PBXTargetDependency;
			target = FA855C4F1B4EAC5900A3167E /* Blocstagram */;
			targetProxy = FA855C6A1B4EAC5900A3167E /* PBXContainerItemProxy */;
		};
/* End PBXTargetDependency section */

/* Begin PBXVariantGroup section */
		FA855C621B4EAC5900A3167E /* LaunchScreen.xib */ = {
			isa = PBXVariantGroup;
			children = (
				FA855C631B4EAC5900A3167E /* Base */,
			);
			name = LaunchScreen.xib;
			sourceTree = "<group>";
		};
/* End PBXVariantGroup section */

/* Begin XCBuildConfiguration section */
		FA855C711B4EAC5900A3167E /* Debug */ = {
			isa = XCBuildConfiguration;
			buildSettings = {
				ALWAYS_SEARCH_USER_PATHS = NO;
				CLANG_CXX_LANGUAGE_STANDARD = "gnu++0x";
				CLANG_CXX_LIBRARY = "libc++";
				CLANG_ENABLE_MODULES = YES;
				CLANG_ENABLE_OBJC_ARC = YES;
				CLANG_WARN_BOOL_CONVERSION = YES;
				CLANG_WARN_CONSTANT_CONVERSION = YES;
				CLANG_WARN_DIRECT_OBJC_ISA_USAGE = YES_ERROR;
				CLANG_WARN_EMPTY_BODY = YES;
				CLANG_WARN_ENUM_CONVERSION = YES;
				CLANG_WARN_INT_CONVERSION = YES;
				CLANG_WARN_OBJC_ROOT_CLASS = YES_ERROR;
				CLANG_WARN_UNREACHABLE_CODE = YES;
				CLANG_WARN__DUPLICATE_METHOD_MATCH = YES;
				"CODE_SIGN_IDENTITY[sdk=iphoneos*]" = "iPhone Developer";
				COPY_PHASE_STRIP = NO;
				DEBUG_INFORMATION_FORMAT = "dwarf-with-dsym";
				ENABLE_STRICT_OBJC_MSGSEND = YES;
				GCC_C_LANGUAGE_STANDARD = gnu99;
				GCC_DYNAMIC_NO_PIC = NO;
				GCC_NO_COMMON_BLOCKS = YES;
				GCC_OPTIMIZATION_LEVEL = 0;
				GCC_PREPROCESSOR_DEFINITIONS = (
					"DEBUG=1",
					"$(inherited)",
				);
				GCC_SYMBOLS_PRIVATE_EXTERN = NO;
				GCC_WARN_64_TO_32_BIT_CONVERSION = YES;
				GCC_WARN_ABOUT_RETURN_TYPE = YES_ERROR;
				GCC_WARN_UNDECLARED_SELECTOR = YES;
				GCC_WARN_UNINITIALIZED_AUTOS = YES_AGGRESSIVE;
				GCC_WARN_UNUSED_FUNCTION = YES;
				GCC_WARN_UNUSED_VARIABLE = YES;
				IPHONEOS_DEPLOYMENT_TARGET = 8.4;
				MTL_ENABLE_DEBUG_INFO = YES;
				ONLY_ACTIVE_ARCH = YES;
				SDKROOT = iphoneos;
				TARGETED_DEVICE_FAMILY = "1,2";
			};
			name = Debug;
		};
		FA855C721B4EAC5900A3167E /* Release */ = {
			isa = XCBuildConfiguration;
			buildSettings = {
				ALWAYS_SEARCH_USER_PATHS = NO;
				CLANG_CXX_LANGUAGE_STANDARD = "gnu++0x";
				CLANG_CXX_LIBRARY = "libc++";
				CLANG_ENABLE_MODULES = YES;
				CLANG_ENABLE_OBJC_ARC = YES;
				CLANG_WARN_BOOL_CONVERSION = YES;
				CLANG_WARN_CONSTANT_CONVERSION = YES;
				CLANG_WARN_DIRECT_OBJC_ISA_USAGE = YES_ERROR;
				CLANG_WARN_EMPTY_BODY = YES;
				CLANG_WARN_ENUM_CONVERSION = YES;
				CLANG_WARN_INT_CONVERSION = YES;
				CLANG_WARN_OBJC_ROOT_CLASS = YES_ERROR;
				CLANG_WARN_UNREACHABLE_CODE = YES;
				CLANG_WARN__DUPLICATE_METHOD_MATCH = YES;
				"CODE_SIGN_IDENTITY[sdk=iphoneos*]" = "iPhone Developer";
				COPY_PHASE_STRIP = NO;
				DEBUG_INFORMATION_FORMAT = "dwarf-with-dsym";
				ENABLE_NS_ASSERTIONS = NO;
				ENABLE_STRICT_OBJC_MSGSEND = YES;
				GCC_C_LANGUAGE_STANDARD = gnu99;
				GCC_NO_COMMON_BLOCKS = YES;
				GCC_WARN_64_TO_32_BIT_CONVERSION = YES;
				GCC_WARN_ABOUT_RETURN_TYPE = YES_ERROR;
				GCC_WARN_UNDECLARED_SELECTOR = YES;
				GCC_WARN_UNINITIALIZED_AUTOS = YES_AGGRESSIVE;
				GCC_WARN_UNUSED_FUNCTION = YES;
				GCC_WARN_UNUSED_VARIABLE = YES;
				IPHONEOS_DEPLOYMENT_TARGET = 8.4;
				MTL_ENABLE_DEBUG_INFO = NO;
				SDKROOT = iphoneos;
				TARGETED_DEVICE_FAMILY = "1,2";
				VALIDATE_PRODUCT = YES;
			};
			name = Release;
		};
		FA855C741B4EAC5900A3167E /* Debug */ = {
			isa = XCBuildConfiguration;
			baseConfigurationReference = BBD970501D3AB9E2DD49AB82 /* Pods.debug.xcconfig */;
			buildSettings = {
				ASSETCATALOG_COMPILER_APPICON_NAME = AppIcon;
				INFOPLIST_FILE = Blocstagram/Info.plist;
				LD_RUNPATH_SEARCH_PATHS = "$(inherited) @executable_path/Frameworks";
				PRODUCT_NAME = "$(TARGET_NAME)";
			};
			name = Debug;
		};
		FA855C751B4EAC5900A3167E /* Release */ = {
			isa = XCBuildConfiguration;
			baseConfigurationReference = 233BBAB6CF38DC03220040E1 /* Pods.release.xcconfig */;
			buildSettings = {
				ASSETCATALOG_COMPILER_APPICON_NAME = AppIcon;
				INFOPLIST_FILE = Blocstagram/Info.plist;
				LD_RUNPATH_SEARCH_PATHS = "$(inherited) @executable_path/Frameworks";
				PRODUCT_NAME = "$(TARGET_NAME)";
			};
			name = Release;
		};
		FA855C771B4EAC5900A3167E /* Debug */ = {
			isa = XCBuildConfiguration;
			buildSettings = {
				BUNDLE_LOADER = "$(TEST_HOST)";
				FRAMEWORK_SEARCH_PATHS = (
					"$(SDKROOT)/Developer/Library/Frameworks",
					"$(inherited)",
				);
				GCC_PREPROCESSOR_DEFINITIONS = (
					"DEBUG=1",
					"$(inherited)",
				);
				INFOPLIST_FILE = BlocstagramTests/Info.plist;
				LD_RUNPATH_SEARCH_PATHS = "$(inherited) @executable_path/Frameworks @loader_path/Frameworks";
				PRODUCT_NAME = "$(TARGET_NAME)";
				TEST_HOST = "$(BUILT_PRODUCTS_DIR)/Blocstagram.app/Blocstagram";
			};
			name = Debug;
		};
		FA855C781B4EAC5900A3167E /* Release */ = {
			isa = XCBuildConfiguration;
			buildSettings = {
				BUNDLE_LOADER = "$(TEST_HOST)";
				FRAMEWORK_SEARCH_PATHS = (
					"$(SDKROOT)/Developer/Library/Frameworks",
					"$(inherited)",
				);
				INFOPLIST_FILE = BlocstagramTests/Info.plist;
				LD_RUNPATH_SEARCH_PATHS = "$(inherited) @executable_path/Frameworks @loader_path/Frameworks";
				PRODUCT_NAME = "$(TARGET_NAME)";
				TEST_HOST = "$(BUILT_PRODUCTS_DIR)/Blocstagram.app/Blocstagram";
			};
			name = Release;
		};
/* End XCBuildConfiguration section */

/* Begin XCConfigurationList section */
		FA855C4B1B4EAC5900A3167E /* Build configuration list for PBXProject "Blocstagram" */ = {
			isa = XCConfigurationList;
			buildConfigurations = (
				FA855C711B4EAC5900A3167E /* Debug */,
				FA855C721B4EAC5900A3167E /* Release */,
			);
			defaultConfigurationIsVisible = 0;
			defaultConfigurationName = Release;
		};
		FA855C731B4EAC5900A3167E /* Build configuration list for PBXNativeTarget "Blocstagram" */ = {
			isa = XCConfigurationList;
			buildConfigurations = (
				FA855C741B4EAC5900A3167E /* Debug */,
				FA855C751B4EAC5900A3167E /* Release */,
			);
			defaultConfigurationIsVisible = 0;
			defaultConfigurationName = Release;
		};
		FA855C761B4EAC5900A3167E /* Build configuration list for PBXNativeTarget "BlocstagramTests" */ = {
			isa = XCConfigurationList;
			buildConfigurations = (
				FA855C771B4EAC5900A3167E /* Debug */,
				FA855C781B4EAC5900A3167E /* Release */,
			);
			defaultConfigurationIsVisible = 0;
			defaultConfigurationName = Release;
		};
/* End XCConfigurationList section */
	};
	rootObject = FA855C481B4EAC5900A3167E /* Project object */;
}
